
Microsoft Visual Studio Solution File, Format Version 12.00
# Visual Studio 15
VisualStudioVersion = 15.0.28307.329
MinimumVisualStudioVersion = 10.0.40219.1
Project("{FAE04EC0-301F-11D3-BF4B-00C04F79EFBC}") = "CNCEstimate", "CNCEstimate\CNCEstimate.csproj", "{D031CF24-CFEA-4BE3-9550-D42B26C500F0}"
EndProject
Project("{00D1A9C2-B5F0-4AF3-8072-F6C62B433612}") = "CutMachDBProject", "CutMachDBProject\CutMachDBProject.sqlproj", "{569AA64E-57EE-4938-952C-F42FF38740FA}"
EndProject
Project("{FAE04EC0-301F-11D3-BF4B-00C04F79EFBC}") = "DbSqlServerWorker", "DbSqlServerWorker\DbSqlServerWorker.csproj", "{3A6937D1-2CC3-428E-B594-8D0AC358C740}"
EndProject
Global
	GlobalSection(SolutionConfigurationPlatforms) = preSolution
		Debug|Any CPU = Debug|Any CPU
		Release|Any CPU = Release|Any CPU
	EndGlobalSection
	GlobalSection(ProjectConfigurationPlatforms) = postSolution
		{D031CF24-CFEA-4BE3-9550-D42B26C500F0}.Debug|Any CPU.ActiveCfg = Debug|Any CPU
		{D031CF24-CFEA-4BE3-9550-D42B26C500F0}.Debug|Any CPU.Build.0 = Debug|Any CPU
		{D031CF24-CFEA-4BE3-9550-D42B26C500F0}.Release|Any CPU.ActiveCfg = Release|Any CPU
		{D031CF24-CFEA-4BE3-9550-D42B26C500F0}.Release|Any CPU.Build.0 = Release|Any CPU
		{569AA64E-57EE-4938-952C-F42FF38740FA}.Debug|Any CPU.ActiveCfg = Debug|Any CPU
		{569AA64E-57EE-4938-952C-F42FF38740FA}.Debug|Any CPU.Build.0 = Debug|Any CPU
		{569AA64E-57EE-4938-952C-F42FF38740FA}.Debug|Any CPU.Deploy.0 = Debug|Any CPU
		{569AA64E-57EE-4938-952C-F42FF38740FA}.Release|Any CPU.ActiveCfg = Release|Any CPU
		{569AA64E-57EE-4938-952C-F42FF38740FA}.Release|Any CPU.Build.0 = Release|Any CPU
		{569AA64E-57EE-4938-952C-F42FF38740FA}.Release|Any CPU.Deploy.0 = Release|Any CPU
		{3A6937D1-2CC3-428E-B594-8D0AC358C740}.Debug|Any CPU.ActiveCfg = Debug|Any CPU
		{3A6937D1-2CC3-428E-B594-8D0AC358C740}.Debug|Any CPU.Build.0 = Debug|Any CPU
		{3A6937D1-2CC3-428E-B594-8D0AC358C740}.Release|Any CPU.ActiveCfg = Release|Any CPU
		{3A6937D1-2CC3-428E-B594-8D0AC358C740}.Release|Any CPU.Build.0 = Release|Any CPU
	EndGlobalSection
	GlobalSection(SolutionProperties) = preSolution
		HideSolutionNode = FALSE
	EndGlobalSection
	GlobalSection(ExtensibilityGlobals) = postSolution
		SolutionGuid = {9CD8B76F-5EA9-44A5-9903-60D52151E050}
	EndGlobalSection
EndGlobal
